
Microsoft Visual Studio Solution File, Format Version 12.00
# Visual Studio Version 17
VisualStudioVersion = 17.2.32616.157
MinimumVisualStudioVersion = 10.0.40219.1
Project("{FAE04EC0-301F-11D3-BF4B-00C04F79EFBC}") = "ProjectAPI", "ProjectAPI\ProjectAPI.csproj", "{143C0440-C116-49E5-917F-5B44356497D3}"
EndProject
Global
	GlobalSection(SolutionConfigurationPlatforms) = preSolution
		Debug|Any CPU = Debug|Any CPU
		Release|Any CPU = Release|Any CPU
	EndGlobalSection
	GlobalSection(ProjectConfigurationPlatforms) = postSolution
		{143C0440-C116-49E5-917F-5B44356497D3}.Debug|Any CPU.ActiveCfg = Debug|Any CPU
		{143C0440-C116-49E5-917F-5B44356497D3}.Debug|Any CPU.Build.0 = Debug|Any CPU
		{143C0440-C116-49E5-917F-5B44356497D3}.Release|Any CPU.ActiveCfg = Release|Any CPU
		{143C0440-C116-49E5-917F-5B44356497D3}.Release|Any CPU.Build.0 = Release|Any CPU
	EndGlobalSection
	GlobalSection(SolutionProperties) = preSolution
		HideSolutionNode = FALSE
	EndGlobalSection
	GlobalSection(ExtensibilityGlobals) = postSolution
		SolutionGuid = {C826BA7A-24FE-4110-B9FC-25E0553833F5}
	EndGlobalSection
EndGlobal
